{
  "name": "backend",
  "version": "1.0.0",
  "lockfileVersion": 3,
  "requires": true,
  "packages": {
    "": {
      "name": "backend",
      "version": "1.0.0",
      "license": "ISC",
      "dependencies": {
        "googleapis": "^146.0.0",
        "openai": "^4.86.2"
      }
    },

    // ....
    // The rest had to be ommitted for security